
Microsoft Visual Studio Solution File, Format Version 12.00
# Visual Studio Version 16
VisualStudioVersion = 16.0.30804.86
MinimumVisualStudioVersion = 10.0.40219.1
Project("{FAE04EC0-301F-11D3-BF4B-00C04F79EFBC}") = "Better-Stacking", "Better-Stacking.csproj", "{9DD72487-6376-4481-A028-AA2742C023EF}"
EndProject
Global
	GlobalSection(SolutionConfigurationPlatforms) = preSolution
		Debug|Any CPU = Debug|Any CPU
		Release|Any CPU = Release|Any CPU
	EndGlobalSection
	GlobalSection(ProjectConfigurationPlatforms) = postSolution
		{9DD72487-6376-4481-A028-AA2742C023EF}.Debug|Any CPU.ActiveCfg = Debug|Any CPU
		{9DD72487-6376-4481-A028-AA2742C023EF}.Debug|Any CPU.Build.0 = Debug|Any CPU
		{9DD72487-6376-4481-A028-AA2742C023EF}.Release|Any CPU.ActiveCfg = Release|Any CPU
		{9DD72487-6376-4481-A028-AA2742C023EF}.Release|Any CPU.Build.0 = Release|Any CPU
	EndGlobalSection
	GlobalSection(SolutionProperties) = preSolution
		HideSolutionNode = FALSE
	EndGlobalSection
	GlobalSection(ExtensibilityGlobals) = postSolution
		SolutionGuid = {15F4B98A-B845-43BE-ADF5-F7A7EC274219}
	EndGlobalSection
EndGlobal
